
Microsoft Visual Studio Solution File, Format Version 12.00
# Visual Studio Version 17
VisualStudioVersion = 17.1.32328.378
MinimumVisualStudioVersion = 10.0.40219.1
Project("{FAE04EC0-301F-11D3-BF4B-00C04F79EFBC}") = "Cadastro.Produto-3B", "Cadastro.Produto-3B\Cadastro.Produto-3B.csproj", "{5CF220B1-6551-41B0-A340-5FB6F6F4DB15}"
EndProject
Global
	GlobalSection(SolutionConfigurationPlatforms) = preSolution
		Debug|Any CPU = Debug|Any CPU
		Release|Any CPU = Release|Any CPU
	EndGlobalSection
	GlobalSection(ProjectConfigurationPlatforms) = postSolution
		{5CF220B1-6551-41B0-A340-5FB6F6F4DB15}.Debug|Any CPU.ActiveCfg = Debug|Any CPU
		{5CF220B1-6551-41B0-A340-5FB6F6F4DB15}.Debug|Any CPU.Build.0 = Debug|Any CPU
		{5CF220B1-6551-41B0-A340-5FB6F6F4DB15}.Release|Any CPU.ActiveCfg = Release|Any CPU
		{5CF220B1-6551-41B0-A340-5FB6F6F4DB15}.Release|Any CPU.Build.0 = Release|Any CPU
	EndGlobalSection
	GlobalSection(SolutionProperties) = preSolution
		HideSolutionNode = FALSE
	EndGlobalSection
	GlobalSection(ExtensibilityGlobals) = postSolution
		SolutionGuid = {62982861-6DCD-4105-A56B-AB1DB82A24CC}
	EndGlobalSection
EndGlobal
